
Microsoft Visual Studio Solution File, Format Version 12.00
# Visual Studio Version 17
VisualStudioVersion = 17.8.34322.80
MinimumVisualStudioVersion = 10.0.40219.1
Project("{FAE04EC0-301F-11D3-BF4B-00C04F79EFBC}") = "_032_EstruturaRepetitivaWhile", "_032_EstruturaRepetitivaWhile\_032_EstruturaRepetitivaWhile.csproj", "{6A7464DA-6870-4338-ADBA-97214DFC9DF6}"
EndProject
Global
	GlobalSection(SolutionConfigurationPlatforms) = preSolution
		Debug|Any CPU = Debug|Any CPU
		Release|Any CPU = Release|Any CPU
	EndGlobalSection
	GlobalSection(ProjectConfigurationPlatforms) = postSolution
		{6A7464DA-6870-4338-ADBA-97214DFC9DF6}.Debug|Any CPU.ActiveCfg = Debug|Any CPU
		{6A7464DA-6870-4338-ADBA-97214DFC9DF6}.Debug|Any CPU.Build.0 = Debug|Any CPU
		{6A7464DA-6870-4338-ADBA-97214DFC9DF6}.Release|Any CPU.ActiveCfg = Release|Any CPU
		{6A7464DA-6870-4338-ADBA-97214DFC9DF6}.Release|Any CPU.Build.0 = Release|Any CPU
	EndGlobalSection
	GlobalSection(SolutionProperties) = preSolution
		HideSolutionNode = FALSE
	EndGlobalSection
	GlobalSection(ExtensibilityGlobals) = postSolution
		SolutionGuid = {3C497F4B-89C8-4F93-8275-DE79A4F42713}
	EndGlobalSection
EndGlobal
