
Microsoft Visual Studio Solution File, Format Version 12.00
# Visual Studio Version 16
VisualStudioVersion = 16.0.36107.64
MinimumVisualStudioVersion = 10.0.40219.1
Project("{FAE04EC0-301F-11D3-BF4B-00C04F79EFBC}") = "_136_Exercicio_Fixacao", "_136_Exercicio_Fixacao\_136_Exercicio_Fixacao.csproj", "{9616A850-835A-4F62-9F4D-8D1E9A9A640C}"
EndProject
Global
	GlobalSection(SolutionConfigurationPlatforms) = preSolution
		Debug|Any CPU = Debug|Any CPU
		Release|Any CPU = Release|Any CPU
	EndGlobalSection
	GlobalSection(ProjectConfigurationPlatforms) = postSolution
		{9616A850-835A-4F62-9F4D-8D1E9A9A640C}.Debug|Any CPU.ActiveCfg = Debug|Any CPU
		{9616A850-835A-4F62-9F4D-8D1E9A9A640C}.Debug|Any CPU.Build.0 = Debug|Any CPU
		{9616A850-835A-4F62-9F4D-8D1E9A9A640C}.Release|Any CPU.ActiveCfg = Release|Any CPU
		{9616A850-835A-4F62-9F4D-8D1E9A9A640C}.Release|Any CPU.Build.0 = Release|Any CPU
	EndGlobalSection
	GlobalSection(SolutionProperties) = preSolution
		HideSolutionNode = FALSE
	EndGlobalSection
	GlobalSection(ExtensibilityGlobals) = postSolution
		SolutionGuid = {83E9CF10-B245-4694-86B2-266D30379E30}
	EndGlobalSection
EndGlobal
