
Microsoft Visual Studio Solution File, Format Version 12.00
# Visual Studio Version 16
VisualStudioVersion = 16.0.36107.64
MinimumVisualStudioVersion = 10.0.40219.1
Project("{FAE04EC0-301F-11D3-BF4B-00C04F79EFBC}") = "_132_133_134_135_BlUsing_StreamWriter_Directory_Path", "_132_133_134_135_BlUsing_StreamWriter_Directory_Path\_132_133_134_135_BlUsing_StreamWriter_Directory_Path.csproj", "{84298B71-122A-4FF7-84B0-EABA458BBE86}"
EndProject
Global
	GlobalSection(SolutionConfigurationPlatforms) = preSolution
		Debug|Any CPU = Debug|Any CPU
		Release|Any CPU = Release|Any CPU
	EndGlobalSection
	GlobalSection(ProjectConfigurationPlatforms) = postSolution
		{84298B71-122A-4FF7-84B0-EABA458BBE86}.Debug|Any CPU.ActiveCfg = Debug|Any CPU
		{84298B71-122A-4FF7-84B0-EABA458BBE86}.Debug|Any CPU.Build.0 = Debug|Any CPU
		{84298B71-122A-4FF7-84B0-EABA458BBE86}.Release|Any CPU.ActiveCfg = Release|Any CPU
		{84298B71-122A-4FF7-84B0-EABA458BBE86}.Release|Any CPU.Build.0 = Release|Any CPU
	EndGlobalSection
	GlobalSection(SolutionProperties) = preSolution
		HideSolutionNode = FALSE
	EndGlobalSection
	GlobalSection(ExtensibilityGlobals) = postSolution
		SolutionGuid = {C96A35C7-E33D-4A3F-B545-B5288D97F7EA}
	EndGlobalSection
EndGlobal
