
Microsoft Visual Studio Solution File, Format Version 12.00
# Visual Studio Version 16
VisualStudioVersion = 16.0.34407.143
MinimumVisualStudioVersion = 10.0.40219.1
Project("{FAE04EC0-301F-11D3-BF4B-00C04F79EFBC}") = "_071_ExercicioFixacao_Vetores", "_071_ExercicioFixacao_Vetores\_071_ExercicioFixacao_Vetores.csproj", "{28896A22-679D-492B-BACE-B751CAD30D5B}"
EndProject
Global
	GlobalSection(SolutionConfigurationPlatforms) = preSolution
		Debug|Any CPU = Debug|Any CPU
		Release|Any CPU = Release|Any CPU
	EndGlobalSection
	GlobalSection(ProjectConfigurationPlatforms) = postSolution
		{28896A22-679D-492B-BACE-B751CAD30D5B}.Debug|Any CPU.ActiveCfg = Debug|Any CPU
		{28896A22-679D-492B-BACE-B751CAD30D5B}.Debug|Any CPU.Build.0 = Debug|Any CPU
		{28896A22-679D-492B-BACE-B751CAD30D5B}.Release|Any CPU.ActiveCfg = Release|Any CPU
		{28896A22-679D-492B-BACE-B751CAD30D5B}.Release|Any CPU.Build.0 = Release|Any CPU
	EndGlobalSection
	GlobalSection(SolutionProperties) = preSolution
		HideSolutionNode = FALSE
	EndGlobalSection
	GlobalSection(ExtensibilityGlobals) = postSolution
		SolutionGuid = {24636143-AC8F-4CE3-85F7-7A68DEC1A64E}
	EndGlobalSection
EndGlobal
