
Microsoft Visual Studio Solution File, Format Version 12.00
# Visual Studio Version 17
VisualStudioVersion = 17.8.34322.80
MinimumVisualStudioVersion = 10.0.40219.1
Project("{FAE04EC0-301F-11D3-BF4B-00C04F79EFBC}") = "_086_SintaxeAlternaiva_Switch_Case", "_086_SintaxeAlternaiva_Switch_Case\_086_SintaxeAlternaiva_Switch_Case.csproj", "{F3DE9A42-2B20-450B-AB1A-6A6102E4901A}"
EndProject
Global
	GlobalSection(SolutionConfigurationPlatforms) = preSolution
		Debug|Any CPU = Debug|Any CPU
		Release|Any CPU = Release|Any CPU
	EndGlobalSection
	GlobalSection(ProjectConfigurationPlatforms) = postSolution
		{F3DE9A42-2B20-450B-AB1A-6A6102E4901A}.Debug|Any CPU.ActiveCfg = Debug|Any CPU
		{F3DE9A42-2B20-450B-AB1A-6A6102E4901A}.Debug|Any CPU.Build.0 = Debug|Any CPU
		{F3DE9A42-2B20-450B-AB1A-6A6102E4901A}.Release|Any CPU.ActiveCfg = Release|Any CPU
		{F3DE9A42-2B20-450B-AB1A-6A6102E4901A}.Release|Any CPU.Build.0 = Release|Any CPU
	EndGlobalSection
	GlobalSection(SolutionProperties) = preSolution
		HideSolutionNode = FALSE
	EndGlobalSection
	GlobalSection(ExtensibilityGlobals) = postSolution
		SolutionGuid = {5173B75D-DCF3-48D9-BBA5-F287BAEBC130}
	EndGlobalSection
EndGlobal
