
Microsoft Visual Studio Solution File, Format Version 12.00
# Visual Studio Version 17
VisualStudioVersion = 17.8.34322.80
MinimumVisualStudioVersion = 10.0.40219.1
Project("{FAE04EC0-301F-11D3-BF4B-00C04F79EFBC}") = "_091_PropriedadesComDateTime", "_091_PropriedadesComDateTime\_091_PropriedadesComDateTime.csproj", "{73029834-F3A2-4465-8A24-7197EA7142EB}"
EndProject
Global
	GlobalSection(SolutionConfigurationPlatforms) = preSolution
		Debug|Any CPU = Debug|Any CPU
		Release|Any CPU = Release|Any CPU
	EndGlobalSection
	GlobalSection(ProjectConfigurationPlatforms) = postSolution
		{73029834-F3A2-4465-8A24-7197EA7142EB}.Debug|Any CPU.ActiveCfg = Debug|Any CPU
		{73029834-F3A2-4465-8A24-7197EA7142EB}.Debug|Any CPU.Build.0 = Debug|Any CPU
		{73029834-F3A2-4465-8A24-7197EA7142EB}.Release|Any CPU.ActiveCfg = Release|Any CPU
		{73029834-F3A2-4465-8A24-7197EA7142EB}.Release|Any CPU.Build.0 = Release|Any CPU
	EndGlobalSection
	GlobalSection(SolutionProperties) = preSolution
		HideSolutionNode = FALSE
	EndGlobalSection
	GlobalSection(ExtensibilityGlobals) = postSolution
		SolutionGuid = {28CBE87E-8116-4E4D-B5EC-56E52C1D3340}
	EndGlobalSection
EndGlobal
