
Microsoft Visual Studio Solution File, Format Version 12.00
# Visual Studio Version 16
VisualStudioVersion = 16.0.35325.158
MinimumVisualStudioVersion = 10.0.40219.1
Project("{FAE04EC0-301F-11D3-BF4B-00C04F79EFBC}") = "_097_Enumeracoes", "_097_Enumeracoes\_097_Enumeracoes.csproj", "{93648B33-666A-467E-9572-9CE2322ED135}"
EndProject
Global
	GlobalSection(SolutionConfigurationPlatforms) = preSolution
		Debug|Any CPU = Debug|Any CPU
		Release|Any CPU = Release|Any CPU
	EndGlobalSection
	GlobalSection(ProjectConfigurationPlatforms) = postSolution
		{93648B33-666A-467E-9572-9CE2322ED135}.Debug|Any CPU.ActiveCfg = Debug|Any CPU
		{93648B33-666A-467E-9572-9CE2322ED135}.Debug|Any CPU.Build.0 = Debug|Any CPU
		{93648B33-666A-467E-9572-9CE2322ED135}.Release|Any CPU.ActiveCfg = Release|Any CPU
		{93648B33-666A-467E-9572-9CE2322ED135}.Release|Any CPU.Build.0 = Release|Any CPU
	EndGlobalSection
	GlobalSection(SolutionProperties) = preSolution
		HideSolutionNode = FALSE
	EndGlobalSection
	GlobalSection(ExtensibilityGlobals) = postSolution
		SolutionGuid = {32DE1DF8-B4E7-4852-9D74-ECF8BCD71D25}
	EndGlobalSection
EndGlobal
