
Microsoft Visual Studio Solution File, Format Version 12.00
# Visual Studio Version 17
VisualStudioVersion = 17.8.34322.80
MinimumVisualStudioVersion = 10.0.40219.1
Project("{FAE04EC0-301F-11D3-BF4B-00C04F79EFBC}") = "_078_ExerciciosFixacaoListas", "_078_ExerciciosFixacaoListas\_078_ExerciciosFixacaoListas.csproj", "{775FD55B-4BBB-42B5-B28F-19A28414CD4F}"
EndProject
Global
	GlobalSection(SolutionConfigurationPlatforms) = preSolution
		Debug|Any CPU = Debug|Any CPU
		Release|Any CPU = Release|Any CPU
	EndGlobalSection
	GlobalSection(ProjectConfigurationPlatforms) = postSolution
		{775FD55B-4BBB-42B5-B28F-19A28414CD4F}.Debug|Any CPU.ActiveCfg = Debug|Any CPU
		{775FD55B-4BBB-42B5-B28F-19A28414CD4F}.Debug|Any CPU.Build.0 = Debug|Any CPU
		{775FD55B-4BBB-42B5-B28F-19A28414CD4F}.Release|Any CPU.ActiveCfg = Release|Any CPU
		{775FD55B-4BBB-42B5-B28F-19A28414CD4F}.Release|Any CPU.Build.0 = Release|Any CPU
	EndGlobalSection
	GlobalSection(SolutionProperties) = preSolution
		HideSolutionNode = FALSE
	EndGlobalSection
	GlobalSection(ExtensibilityGlobals) = postSolution
		SolutionGuid = {02E7C971-0CA0-44F0-9CE2-2F9D5D65953B}
	EndGlobalSection
EndGlobal
