
Microsoft Visual Studio Solution File, Format Version 12.00
# Visual Studio Version 17
VisualStudioVersion = 17.8.34322.80
MinimumVisualStudioVersion = 10.0.40219.1
Project("{FAE04EC0-301F-11D3-BF4B-00C04F79EFBC}") = "_041_TrianguloComMetodos", "_041_TrianguloComMetodos\_041_TrianguloComMetodos.csproj", "{46C946B6-E540-4820-A03C-D3992051210D}"
EndProject
Global
	GlobalSection(SolutionConfigurationPlatforms) = preSolution
		Debug|Any CPU = Debug|Any CPU
		Release|Any CPU = Release|Any CPU
	EndGlobalSection
	GlobalSection(ProjectConfigurationPlatforms) = postSolution
		{46C946B6-E540-4820-A03C-D3992051210D}.Debug|Any CPU.ActiveCfg = Debug|Any CPU
		{46C946B6-E540-4820-A03C-D3992051210D}.Debug|Any CPU.Build.0 = Debug|Any CPU
		{46C946B6-E540-4820-A03C-D3992051210D}.Release|Any CPU.ActiveCfg = Release|Any CPU
		{46C946B6-E540-4820-A03C-D3992051210D}.Release|Any CPU.Build.0 = Release|Any CPU
	EndGlobalSection
	GlobalSection(SolutionProperties) = preSolution
		HideSolutionNode = FALSE
	EndGlobalSection
	GlobalSection(ExtensibilityGlobals) = postSolution
		SolutionGuid = {CB499B44-59C3-4534-8FAF-D3936D792E6E}
	EndGlobalSection
EndGlobal
