
Microsoft Visual Studio Solution File, Format Version 12.00
# Visual Studio Version 17
VisualStudioVersion = 17.8.34322.80
MinimumVisualStudioVersion = 10.0.40219.1
Project("{FAE04EC0-301F-11D3-BF4B-00C04F79EFBC}") = "VencedoresCDS", "VencedoresCDS\VencedoresCDS.csproj", "{57146BD6-30B6-4935-B31B-DCB258F56EF0}"
EndProject
Global
	GlobalSection(SolutionConfigurationPlatforms) = preSolution
		Debug|Any CPU = Debug|Any CPU
		Release|Any CPU = Release|Any CPU
	EndGlobalSection
	GlobalSection(ProjectConfigurationPlatforms) = postSolution
		{57146BD6-30B6-4935-B31B-DCB258F56EF0}.Debug|Any CPU.ActiveCfg = Debug|Any CPU
		{57146BD6-30B6-4935-B31B-DCB258F56EF0}.Debug|Any CPU.Build.0 = Debug|Any CPU
		{57146BD6-30B6-4935-B31B-DCB258F56EF0}.Release|Any CPU.ActiveCfg = Release|Any CPU
		{57146BD6-30B6-4935-B31B-DCB258F56EF0}.Release|Any CPU.Build.0 = Release|Any CPU
	EndGlobalSection
	GlobalSection(SolutionProperties) = preSolution
		HideSolutionNode = FALSE
	EndGlobalSection
	GlobalSection(ExtensibilityGlobals) = postSolution
		SolutionGuid = {656FDF1F-6BC2-44C9-B8AF-CED14068C12F}
	EndGlobalSection
EndGlobal
