
Microsoft Visual Studio Solution File, Format Version 12.00
# Visual Studio Version 16
VisualStudioVersion = 16.0.36107.64
MinimumVisualStudioVersion = 10.0.40219.1
Project("{FAE04EC0-301F-11D3-BF4B-00C04F79EFBC}") = "_131_FileStream_StreamReader", "_131_FileStream_StreamReader\_131_FileStream_StreamReader.csproj", "{D7DAB65C-6196-445A-9881-237A55F62030}"
EndProject
Global
	GlobalSection(SolutionConfigurationPlatforms) = preSolution
		Debug|Any CPU = Debug|Any CPU
		Release|Any CPU = Release|Any CPU
	EndGlobalSection
	GlobalSection(ProjectConfigurationPlatforms) = postSolution
		{D7DAB65C-6196-445A-9881-237A55F62030}.Debug|Any CPU.ActiveCfg = Debug|Any CPU
		{D7DAB65C-6196-445A-9881-237A55F62030}.Debug|Any CPU.Build.0 = Debug|Any CPU
		{D7DAB65C-6196-445A-9881-237A55F62030}.Release|Any CPU.ActiveCfg = Release|Any CPU
		{D7DAB65C-6196-445A-9881-237A55F62030}.Release|Any CPU.Build.0 = Release|Any CPU
	EndGlobalSection
	GlobalSection(SolutionProperties) = preSolution
		HideSolutionNode = FALSE
	EndGlobalSection
	GlobalSection(ExtensibilityGlobals) = postSolution
		SolutionGuid = {84FBD7E4-F67A-479E-97E0-E6A4D8616826}
	EndGlobalSection
EndGlobal
