
Microsoft Visual Studio Solution File, Format Version 12.00
# Visual Studio Version 16
VisualStudioVersion = 16.0.35325.158
MinimumVisualStudioVersion = 10.0.40219.1
Project("{FAE04EC0-301F-11D3-BF4B-00C04F79EFBC}") = "_105_ExercicioProposto_Enumeracoes_Composição", "_105_ExercicioProposto_Enumeracoes_Composição\_105_ExercicioProposto_Enumeracoes_Composição.csproj", "{87C5CFF4-B356-44C5-ADC8-266235AC7256}"
EndProject
Global
	GlobalSection(SolutionConfigurationPlatforms) = preSolution
		Debug|Any CPU = Debug|Any CPU
		Release|Any CPU = Release|Any CPU
	EndGlobalSection
	GlobalSection(ProjectConfigurationPlatforms) = postSolution
		{87C5CFF4-B356-44C5-ADC8-266235AC7256}.Debug|Any CPU.ActiveCfg = Debug|Any CPU
		{87C5CFF4-B356-44C5-ADC8-266235AC7256}.Debug|Any CPU.Build.0 = Debug|Any CPU
		{87C5CFF4-B356-44C5-ADC8-266235AC7256}.Release|Any CPU.ActiveCfg = Release|Any CPU
		{87C5CFF4-B356-44C5-ADC8-266235AC7256}.Release|Any CPU.Build.0 = Release|Any CPU
	EndGlobalSection
	GlobalSection(SolutionProperties) = preSolution
		HideSolutionNode = FALSE
	EndGlobalSection
	GlobalSection(ExtensibilityGlobals) = postSolution
		SolutionGuid = {75318DE5-5E83-4073-9897-45F6415C064D}
	EndGlobalSection
EndGlobal
