
Microsoft Visual Studio Solution File, Format Version 12.00
# Visual Studio Version 16
VisualStudioVersion = 16.0.36107.64
MinimumVisualStudioVersion = 10.0.40219.1
Project("{FAE04EC0-301F-11D3-BF4B-00C04F79EFBC}") = "1045_tipos_de_triangulo_beecrowd", "1045_tipos_de_triangulo_beecrowd\1045_tipos_de_triangulo_beecrowd.csproj", "{37589180-F38D-4A7A-B05A-224E0D1992B9}"
EndProject
Global
	GlobalSection(SolutionConfigurationPlatforms) = preSolution
		Debug|Any CPU = Debug|Any CPU
		Release|Any CPU = Release|Any CPU
	EndGlobalSection
	GlobalSection(ProjectConfigurationPlatforms) = postSolution
		{37589180-F38D-4A7A-B05A-224E0D1992B9}.Debug|Any CPU.ActiveCfg = Debug|Any CPU
		{37589180-F38D-4A7A-B05A-224E0D1992B9}.Debug|Any CPU.Build.0 = Debug|Any CPU
		{37589180-F38D-4A7A-B05A-224E0D1992B9}.Release|Any CPU.ActiveCfg = Release|Any CPU
		{37589180-F38D-4A7A-B05A-224E0D1992B9}.Release|Any CPU.Build.0 = Release|Any CPU
	EndGlobalSection
	GlobalSection(SolutionProperties) = preSolution
		HideSolutionNode = FALSE
	EndGlobalSection
	GlobalSection(ExtensibilityGlobals) = postSolution
		SolutionGuid = {5A2FB499-8465-4108-9E5C-B0063286D1DC}
	EndGlobalSection
EndGlobal
