
Microsoft Visual Studio Solution File, Format Version 12.00
# Visual Studio Version 17
VisualStudioVersion = 17.8.34322.80
MinimumVisualStudioVersion = 10.0.40219.1
Project("{FAE04EC0-301F-11D3-BF4B-00C04F79EFBC}") = "_039_CriandoClasseComTresAtributos", "_039_CriandoClasseComTresAtributos\_039_CriandoClasseComTresAtributos.csproj", "{025D0A35-5B28-4F9C-9F1E-75997F5E5BBB}"
EndProject
Global
	GlobalSection(SolutionConfigurationPlatforms) = preSolution
		Debug|Any CPU = Debug|Any CPU
		Release|Any CPU = Release|Any CPU
	EndGlobalSection
	GlobalSection(ProjectConfigurationPlatforms) = postSolution
		{025D0A35-5B28-4F9C-9F1E-75997F5E5BBB}.Debug|Any CPU.ActiveCfg = Debug|Any CPU
		{025D0A35-5B28-4F9C-9F1E-75997F5E5BBB}.Debug|Any CPU.Build.0 = Debug|Any CPU
		{025D0A35-5B28-4F9C-9F1E-75997F5E5BBB}.Release|Any CPU.ActiveCfg = Release|Any CPU
		{025D0A35-5B28-4F9C-9F1E-75997F5E5BBB}.Release|Any CPU.Build.0 = Release|Any CPU
	EndGlobalSection
	GlobalSection(SolutionProperties) = preSolution
		HideSolutionNode = FALSE
	EndGlobalSection
	GlobalSection(ExtensibilityGlobals) = postSolution
		SolutionGuid = {86026F3D-E4F9-4187-ABAD-7BD31F501211}
	EndGlobalSection
EndGlobal
