
Microsoft Visual Studio Solution File, Format Version 12.00
# Visual Studio Version 17
VisualStudioVersion = 17.8.34322.80
MinimumVisualStudioVersion = 10.0.40219.1
Project("{FAE04EC0-301F-11D3-BF4B-00C04F79EFBC}") = "_035_ExerciciosPropostosPT4", "_035_ExerciciosPropostosPT4\_035_ExerciciosPropostosPT4.csproj", "{6C483535-FFC1-41A0-A33E-A6D867BC073D}"
EndProject
Global
	GlobalSection(SolutionConfigurationPlatforms) = preSolution
		Debug|Any CPU = Debug|Any CPU
		Release|Any CPU = Release|Any CPU
	EndGlobalSection
	GlobalSection(ProjectConfigurationPlatforms) = postSolution
		{6C483535-FFC1-41A0-A33E-A6D867BC073D}.Debug|Any CPU.ActiveCfg = Debug|Any CPU
		{6C483535-FFC1-41A0-A33E-A6D867BC073D}.Debug|Any CPU.Build.0 = Debug|Any CPU
		{6C483535-FFC1-41A0-A33E-A6D867BC073D}.Release|Any CPU.ActiveCfg = Release|Any CPU
		{6C483535-FFC1-41A0-A33E-A6D867BC073D}.Release|Any CPU.Build.0 = Release|Any CPU
	EndGlobalSection
	GlobalSection(SolutionProperties) = preSolution
		HideSolutionNode = FALSE
	EndGlobalSection
	GlobalSection(ExtensibilityGlobals) = postSolution
		SolutionGuid = {61B2B28E-BF5E-4B76-A1D9-9E305FBEA8EC}
	EndGlobalSection
EndGlobal
