
Microsoft Visual Studio Solution File, Format Version 12.00
# Visual Studio Version 16
VisualStudioVersion = 16.0.36107.64
MinimumVisualStudioVersion = 10.0.40219.1
Project("{FAE04EC0-301F-11D3-BF4B-00C04F79EFBC}") = "_142_Inversao_Controle_Injecao_dependencia", "_142_Inversao_Controle_Injecao_dependencia\_142_Inversao_Controle_Injecao_dependencia.csproj", "{B4E2B896-8006-47B0-85C9-5C1C5CF387F4}"
EndProject
Global
	GlobalSection(SolutionConfigurationPlatforms) = preSolution
		Debug|Any CPU = Debug|Any CPU
		Release|Any CPU = Release|Any CPU
	EndGlobalSection
	GlobalSection(ProjectConfigurationPlatforms) = postSolution
		{B4E2B896-8006-47B0-85C9-5C1C5CF387F4}.Debug|Any CPU.ActiveCfg = Debug|Any CPU
		{B4E2B896-8006-47B0-85C9-5C1C5CF387F4}.Debug|Any CPU.Build.0 = Debug|Any CPU
		{B4E2B896-8006-47B0-85C9-5C1C5CF387F4}.Release|Any CPU.ActiveCfg = Release|Any CPU
		{B4E2B896-8006-47B0-85C9-5C1C5CF387F4}.Release|Any CPU.Build.0 = Release|Any CPU
	EndGlobalSection
	GlobalSection(SolutionProperties) = preSolution
		HideSolutionNode = FALSE
	EndGlobalSection
	GlobalSection(ExtensibilityGlobals) = postSolution
		SolutionGuid = {C5930508-5A88-46E9-A1B6-CB52F2D3DC31}
	EndGlobalSection
EndGlobal
