
Microsoft Visual Studio Solution File, Format Version 12.00
# Visual Studio Version 17
VisualStudioVersion = 17.8.34322.80
MinimumVisualStudioVersion = 10.0.40219.1
Project("{FAE04EC0-301F-11D3-BF4B-00C04F79EFBC}") = "_056_Properties", "_056_Properties\_056_Properties.csproj", "{AC875FEF-6622-4E54-9173-F7EC225F8726}"
EndProject
Global
	GlobalSection(SolutionConfigurationPlatforms) = preSolution
		Debug|Any CPU = Debug|Any CPU
		Release|Any CPU = Release|Any CPU
	EndGlobalSection
	GlobalSection(ProjectConfigurationPlatforms) = postSolution
		{AC875FEF-6622-4E54-9173-F7EC225F8726}.Debug|Any CPU.ActiveCfg = Debug|Any CPU
		{AC875FEF-6622-4E54-9173-F7EC225F8726}.Debug|Any CPU.Build.0 = Debug|Any CPU
		{AC875FEF-6622-4E54-9173-F7EC225F8726}.Release|Any CPU.ActiveCfg = Release|Any CPU
		{AC875FEF-6622-4E54-9173-F7EC225F8726}.Release|Any CPU.Build.0 = Release|Any CPU
	EndGlobalSection
	GlobalSection(SolutionProperties) = preSolution
		HideSolutionNode = FALSE
	EndGlobalSection
	GlobalSection(ExtensibilityGlobals) = postSolution
		SolutionGuid = {8C07EDC2-CC10-4674-AED2-DD3015889660}
	EndGlobalSection
EndGlobal
