
Microsoft Visual Studio Solution File, Format Version 12.00
# Visual Studio Version 17
VisualStudioVersion = 17.8.34322.80
MinimumVisualStudioVersion = 10.0.40219.1
Project("{FAE04EC0-301F-11D3-BF4B-00C04F79EFBC}") = "_033_ExerciciosPropostosPT3", "_033_ExerciciosPropostosPT3\_033_ExerciciosPropostosPT3.csproj", "{094E46D4-8E29-48D8-8B61-62A3265FE7CD}"
EndProject
Global
	GlobalSection(SolutionConfigurationPlatforms) = preSolution
		Debug|Any CPU = Debug|Any CPU
		Release|Any CPU = Release|Any CPU
	EndGlobalSection
	GlobalSection(ProjectConfigurationPlatforms) = postSolution
		{094E46D4-8E29-48D8-8B61-62A3265FE7CD}.Debug|Any CPU.ActiveCfg = Debug|Any CPU
		{094E46D4-8E29-48D8-8B61-62A3265FE7CD}.Debug|Any CPU.Build.0 = Debug|Any CPU
		{094E46D4-8E29-48D8-8B61-62A3265FE7CD}.Release|Any CPU.ActiveCfg = Release|Any CPU
		{094E46D4-8E29-48D8-8B61-62A3265FE7CD}.Release|Any CPU.Build.0 = Release|Any CPU
	EndGlobalSection
	GlobalSection(SolutionProperties) = preSolution
		HideSolutionNode = FALSE
	EndGlobalSection
	GlobalSection(ExtensibilityGlobals) = postSolution
		SolutionGuid = {C8188050-C0F5-446B-879B-F24B16BDC99A}
	EndGlobalSection
EndGlobal
