
Microsoft Visual Studio Solution File, Format Version 12.00
# Visual Studio Version 16
VisualStudioVersion = 16.0.36107.64
MinimumVisualStudioVersion = 10.0.40219.1
Project("{FAE04EC0-301F-11D3-BF4B-00C04F79EFBC}") = "1046_tempo_de_jogo_beecrowd", "1046_tempo_de_jogo_beecrowd\1046_tempo_de_jogo_beecrowd.csproj", "{1B1BF559-7D10-4890-B4FB-EFAC1DB3A2FF}"
EndProject
Global
	GlobalSection(SolutionConfigurationPlatforms) = preSolution
		Debug|Any CPU = Debug|Any CPU
		Release|Any CPU = Release|Any CPU
	EndGlobalSection
	GlobalSection(ProjectConfigurationPlatforms) = postSolution
		{1B1BF559-7D10-4890-B4FB-EFAC1DB3A2FF}.Debug|Any CPU.ActiveCfg = Debug|Any CPU
		{1B1BF559-7D10-4890-B4FB-EFAC1DB3A2FF}.Debug|Any CPU.Build.0 = Debug|Any CPU
		{1B1BF559-7D10-4890-B4FB-EFAC1DB3A2FF}.Release|Any CPU.ActiveCfg = Release|Any CPU
		{1B1BF559-7D10-4890-B4FB-EFAC1DB3A2FF}.Release|Any CPU.Build.0 = Release|Any CPU
	EndGlobalSection
	GlobalSection(SolutionProperties) = preSolution
		HideSolutionNode = FALSE
	EndGlobalSection
	GlobalSection(ExtensibilityGlobals) = postSolution
		SolutionGuid = {57792565-7473-49BF-8CDA-AB2D66F97A5D}
	EndGlobalSection
EndGlobal
