
Microsoft Visual Studio Solution File, Format Version 12.00
# Visual Studio Version 17
VisualStudioVersion = 17.8.34322.80
MinimumVisualStudioVersion = 10.0.40219.1
Project("{FAE04EC0-301F-11D3-BF4B-00C04F79EFBC}") = "_048_ExerciciosPropostos_MembrosEstaticos", "_048_ExerciciosPropostos_MembrosEstaticos\_048_ExerciciosPropostos_MembrosEstaticos.csproj", "{9FB0CB14-A599-4350-903A-2C2B28B24D8E}"
EndProject
Global
	GlobalSection(SolutionConfigurationPlatforms) = preSolution
		Debug|Any CPU = Debug|Any CPU
		Release|Any CPU = Release|Any CPU
	EndGlobalSection
	GlobalSection(ProjectConfigurationPlatforms) = postSolution
		{9FB0CB14-A599-4350-903A-2C2B28B24D8E}.Debug|Any CPU.ActiveCfg = Debug|Any CPU
		{9FB0CB14-A599-4350-903A-2C2B28B24D8E}.Debug|Any CPU.Build.0 = Debug|Any CPU
		{9FB0CB14-A599-4350-903A-2C2B28B24D8E}.Release|Any CPU.ActiveCfg = Release|Any CPU
		{9FB0CB14-A599-4350-903A-2C2B28B24D8E}.Release|Any CPU.Build.0 = Release|Any CPU
	EndGlobalSection
	GlobalSection(SolutionProperties) = preSolution
		HideSolutionNode = FALSE
	EndGlobalSection
	GlobalSection(ExtensibilityGlobals) = postSolution
		SolutionGuid = {8B6BECA6-A5D6-4949-A57E-C492D94D29C2}
	EndGlobalSection
EndGlobal
