
Microsoft Visual Studio Solution File, Format Version 12.00
# Visual Studio Version 16
VisualStudioVersion = 16.0.36107.64
MinimumVisualStudioVersion = 10.0.40219.1
Project("{FAE04EC0-301F-11D3-BF4B-00C04F79EFBC}") = "1037_Intervalo_beecrowd", "1037_Intervalo_beecrowd\1037_Intervalo_beecrowd.csproj", "{DA91D017-9C6B-4595-847B-98DC72A4DD90}"
EndProject
Global
	GlobalSection(SolutionConfigurationPlatforms) = preSolution
		Debug|Any CPU = Debug|Any CPU
		Release|Any CPU = Release|Any CPU
	EndGlobalSection
	GlobalSection(ProjectConfigurationPlatforms) = postSolution
		{DA91D017-9C6B-4595-847B-98DC72A4DD90}.Debug|Any CPU.ActiveCfg = Debug|Any CPU
		{DA91D017-9C6B-4595-847B-98DC72A4DD90}.Debug|Any CPU.Build.0 = Debug|Any CPU
		{DA91D017-9C6B-4595-847B-98DC72A4DD90}.Release|Any CPU.ActiveCfg = Release|Any CPU
		{DA91D017-9C6B-4595-847B-98DC72A4DD90}.Release|Any CPU.Build.0 = Release|Any CPU
	EndGlobalSection
	GlobalSection(SolutionProperties) = preSolution
		HideSolutionNode = FALSE
	EndGlobalSection
	GlobalSection(ExtensibilityGlobals) = postSolution
		SolutionGuid = {2A179DE6-329F-4062-B5A0-755CBEACC9BD}
	EndGlobalSection
EndGlobal
